
Microsoft Visual Studio Solution File, Format Version 12.00
# Visual Studio Version 17
VisualStudioVersion = 17.9.34723.18
MinimumVisualStudioVersion = 10.0.40219.1
Project("{FAE04EC0-301F-11D3-BF4B-00C04F79EFBC}") = "Fundamentos-desafio", "Fundamentos-desafio.csproj", "{8CC4748A-2AF9-4914-AE96-D4A14370E925}"
EndProject
Global
	GlobalSection(SolutionConfigurationPlatforms) = preSolution
		Debug|Any CPU = Debug|Any CPU
		Release|Any CPU = Release|Any CPU
	EndGlobalSection
	GlobalSection(ProjectConfigurationPlatforms) = postSolution
		{8CC4748A-2AF9-4914-AE96-D4A14370E925}.Debug|Any CPU.ActiveCfg = Debug|Any CPU
		{8CC4748A-2AF9-4914-AE96-D4A14370E925}.Debug|Any CPU.Build.0 = Debug|Any CPU
		{8CC4748A-2AF9-4914-AE96-D4A14370E925}.Release|Any CPU.ActiveCfg = Release|Any CPU
		{8CC4748A-2AF9-4914-AE96-D4A14370E925}.Release|Any CPU.Build.0 = Release|Any CPU
	EndGlobalSection
	GlobalSection(SolutionProperties) = preSolution
		HideSolutionNode = FALSE
	EndGlobalSection
	GlobalSection(ExtensibilityGlobals) = postSolution
		SolutionGuid = {DAD1C8E6-636E-4F32-8097-69BD96265E69}
	EndGlobalSection
EndGlobal
